
Microsoft Visual Studio Solution File, Format Version 12.00
# Visual Studio Version 16
VisualStudioVersion = 16.0.29306.81
MinimumVisualStudioVersion = 10.0.40219.1
Project("{FAE04EC0-301F-11D3-BF4B-00C04F79EFBC}") = "BlackRealtors.Api", "BlackRealtors\BlackRealtors.Api.csproj", "{0D5B9524-7921-4AF1-B014-6E07AD86A327}"
EndProject
Project("{FAE04EC0-301F-11D3-BF4B-00C04F79EFBC}") = "BlackRealtors.BLL", "BlackRealtors.BLL\BlackRealtors.BLL.csproj", "{7346AB3A-0FB7-4A0A-B9E7-65D0956F1D0D}"
EndProject
Project("{FAE04EC0-301F-11D3-BF4B-00C04F79EFBC}") = "BlackRealtors.CLL", "BlackRealtors.CLL\BlackRealtors.CLL.csproj", "{22AEF013-EF62-4490-8606-C07104202DFF}"
EndProject
Global
	GlobalSection(SolutionConfigurationPlatforms) = preSolution
		Debug|Any CPU = Debug|Any CPU
		Release|Any CPU = Release|Any CPU
	EndGlobalSection
	GlobalSection(ProjectConfigurationPlatforms) = postSolution
		{0D5B9524-7921-4AF1-B014-6E07AD86A327}.Debug|Any CPU.ActiveCfg = Debug|Any CPU
		{0D5B9524-7921-4AF1-B014-6E07AD86A327}.Debug|Any CPU.Build.0 = Debug|Any CPU
		{0D5B9524-7921-4AF1-B014-6E07AD86A327}.Release|Any CPU.ActiveCfg = Release|Any CPU
		{0D5B9524-7921-4AF1-B014-6E07AD86A327}.Release|Any CPU.Build.0 = Release|Any CPU
		{7346AB3A-0FB7-4A0A-B9E7-65D0956F1D0D}.Debug|Any CPU.ActiveCfg = Debug|Any CPU
		{7346AB3A-0FB7-4A0A-B9E7-65D0956F1D0D}.Debug|Any CPU.Build.0 = Debug|Any CPU
		{7346AB3A-0FB7-4A0A-B9E7-65D0956F1D0D}.Release|Any CPU.ActiveCfg = Release|Any CPU
		{7346AB3A-0FB7-4A0A-B9E7-65D0956F1D0D}.Release|Any CPU.Build.0 = Release|Any CPU
		{22AEF013-EF62-4490-8606-C07104202DFF}.Debug|Any CPU.ActiveCfg = Debug|Any CPU
		{22AEF013-EF62-4490-8606-C07104202DFF}.Debug|Any CPU.Build.0 = Debug|Any CPU
		{22AEF013-EF62-4490-8606-C07104202DFF}.Release|Any CPU.ActiveCfg = Release|Any CPU
		{22AEF013-EF62-4490-8606-C07104202DFF}.Release|Any CPU.Build.0 = Release|Any CPU
	EndGlobalSection
	GlobalSection(SolutionProperties) = preSolution
		HideSolutionNode = FALSE
	EndGlobalSection
	GlobalSection(ExtensibilityGlobals) = postSolution
		SolutionGuid = {048FE574-3977-435F-8DDE-C57075BD36F2}
	EndGlobalSection
EndGlobal
